# This file was autogenerated by Stack.
# You should not edit this file by hand.
# For more information, please see the documentation at:
#   https://docs.haskellstack.org/en/stable/lock_files

packages:
- completed:
    cabal-file:
      size: 4141
      sha256: ea2ae10894e8711891c5fdef8d131cf381fcdc34756cffd912823b4ecb872fd5
    name: encoding
    version: 0.8.2
    git: https://github.com/uni2work/encoding.git
    pantry-tree:
      size: 5723
      sha256: ced7b95ecef4aba39bf4b927704e169d8dc3241560024f87b745d4550712df4b
    commit: 00270d4bc7973b7b4a04766200073bcd946c5d2d
  original:
    git: https://github.com/uni2work/encoding.git
    commit: 00270d4bc7973b7b4a04766200073bcd946c5d2d
- completed:
    hackage: HaXml-1.25.5@sha256:4f8534cda290b3d0a76b4ca5c4b9aa20902dcf029ddd50998d07c5dd608ad6f6,4420
    pantry-tree:
      size: 4076
      sha256: 9682020b148433c41f5efee327b66708875015df8d4b3d48f875ac21f8222e1b
  original:
    hackage: HaXml-1.25.5
snapshots:
- completed:
    size: 524127
    url: https://raw.githubusercontent.com/commercialhaskell/stackage-snapshots/master/lts/14/6.yaml
    sha256: dc70dfb45e2c32f54719819bd055f46855dd4b3bd2e58b9f3f38729a2d553fbb
  original: lts-14.6
